
Microsoft Visual Studio Solution File, Format Version 12.00
# Visual Studio 15
VisualStudioVersion = 15.0.27703.2047
MinimumVisualStudioVersion = 10.0.40219.1
Project("{FAE04EC0-301F-11D3-BF4B-00C04F79EFBC}") = "TimeMachine", "TimeMachine\TimeMachine.csproj", "{DD331093-E9A9-476A-B126-CB0ED0D00BD7}"
EndProject
Global
	GlobalSection(SolutionConfigurationPlatforms) = preSolution
		Debug|Any CPU = Debug|Any CPU
		Release|Any CPU = Release|Any CPU
	EndGlobalSection
	GlobalSection(ProjectConfigurationPlatforms) = postSolution
		{DD331093-E9A9-476A-B126-CB0ED0D00BD7}.Debug|Any CPU.ActiveCfg = Debug|Any CPU
		{DD331093-E9A9-476A-B126-CB0ED0D00BD7}.Debug|Any CPU.Build.0 = Debug|Any CPU
		{DD331093-E9A9-476A-B126-CB0ED0D00BD7}.Release|Any CPU.ActiveCfg = Release|Any CPU
		{DD331093-E9A9-476A-B126-CB0ED0D00BD7}.Release|Any CPU.Build.0 = Release|Any CPU
	EndGlobalSection
	GlobalSection(SolutionProperties) = preSolution
		HideSolutionNode = FALSE
	EndGlobalSection
	GlobalSection(ExtensibilityGlobals) = postSolution
		SolutionGuid = {5D786ABA-38E1-41E8-9814-82D43F69F5FA}
	EndGlobalSection
EndGlobal
